<?xml version="1.0" encoding="utf-8"?>
<Project ToolsVersion="4.0" xmlns="http://schemas.microsoft.com/developer/msbuild/2003">
  <ItemGroup>
    <Filter Include="Source Files">
      <UniqueIdentifier>{4FC737F1-C7A5-4376-A066-2A32D752A2FF}</UniqueIdentifier>
      <Extensions>cpp;c;cc;cxx;def;odl;idl;hpj;bat;asm;asmx</Extensions>
    </Filter>
    <Filter Include="Header Files">
      <UniqueIdentifier>{93995380-89BD-4b04-88EB-625FBE52EBFB}</UniqueIdentifier>
      <Extensions>h;hh;hpp;hxx;hm;inl;inc;xsd</Extensions>
    </Filter>
    <Filter Include="Resource Files">
      <UniqueIdentifier>{67DA6AB6-F800-4c08-8B7A-83BB121AAD01}</UniqueIdentifier>
      <Extensions>rc;ico;cur;bmp;dlg;rc2;rct;bin;rgs;gif;jpg;jpeg;jpe;resx;tiff;tif;png;wav;mfcribbon-ms</Extensions>
    </Filter>
    <Filter Include="Source Files\States">
      <UniqueIdentifier>{707fce0f-4943-467d-b754-f9c2b2d96927}</UniqueIdentifier>
    </Filter>
    <Filter Include="Source Files\PT">
      <UniqueIdentifier>{8833813f-4e67-4d8b-9642-da956d47118e}</UniqueIdentifier>
    </Filter>
    <Filter Include="Source Files\Core">
      <UniqueIdentifier>{23ee2d00-21e8-4ffe-9560-3af04c968aad}</UniqueIdentifier>
    </Filter>
    <Filter Include="Header Files\Core">
      <UniqueIdentifier>{bc123c7e-ad8a-4560-9a91-c2bac2318fe9}</UniqueIdentifier>
    </Filter>
    <Filter Include="Header Files\States">
      <UniqueIdentifier>{20367565-bf70-4c59-9043-b694b3461e3e}</UniqueIdentifier>
    </Filter>
    <Filter Include="Header Files\Animations">
      <UniqueIdentifier>{2991daf7-2d31-46ce-b8aa-df6f65a3faf2}</UniqueIdentifier>
    </Filter>
    <Filter Include="Header Files\Tools">
      <UniqueIdentifier>{88b063fe-2006-4ef9-9a29-bde5dc1921cb}</UniqueIdentifier>
    </Filter>
  </ItemGroup>
  <ItemGroup>
    <None Include="SpinnerV02.ino" />
  </ItemGroup>
  <ItemGroup>
    <ClInclude Include="lc.h">
      <Filter>Source Files\PT</Filter>
    </ClInclude>
    <ClInclude Include="lc-addrlabels.h">
      <Filter>Source Files\PT</Filter>
    </ClInclude>
    <ClInclude Include="lc-switch.h">
      <Filter>Source Files\PT</Filter>
    </ClInclude>
    <ClInclude Include="pt.h">
      <Filter>Source Files\PT</Filter>
    </ClInclude>
    <ClInclude Include="pt-sem.h">
      <Filter>Source Files\PT</Filter>
    </ClInclude>
    <ClInclude Include="chars.h">
      <Filter>Source Files</Filter>
    </ClInclude>
    <ClInclude Include="IdleAnimation.h">
      <Filter>Header Files\Animations</Filter>
    </ClInclude>
    <ClInclude Include="RainbowAnimation.h">
      <Filter>Header Files\Animations</Filter>
    </ClInclude>
    <ClInclude Include="ScreenDriver.h">
      <Filter>Header Files\Core</Filter>
    </ClInclude>
    <ClInclude Include="__vm\.SpinnerV02.vsarduino.h">
      <Filter>Header Files\Core</Filter>
    </ClInclude>
    <ClInclude Include="BaseState.h">
      <Filter>Header Files\States</Filter>
    </ClInclude>
    <ClInclude Include="IdleState.h">
      <Filter>Header Files\States</Filter>
    </ClInclude>
    <ClInclude Include="StateManager.h">
      <Filter>Header Files\Core</Filter>
    </ClInclude>
    <ClInclude Include="RainbowState.h">
      <Filter>Header Files\States</Filter>
    </ClInclude>
    <ClInclude Include="SpinTracker.h">
      <Filter>Header Files\Core</Filter>
    </ClInclude>
    <ClInclude Include="Spinner.h">
      <Filter>Header Files\Core</Filter>
    </ClInclude>
    <ClInclude Include="Settings.h">
      <Filter>Header Files\Core</Filter>
    </ClInclude>
    <ClInclude Include="Performace.h">
      <Filter>Header Files\Tools</Filter>
    </ClInclude>
  </ItemGroup>
  <ItemGroup>
    <ClCompile Include="IdleState.cpp">
      <Filter>Source Files\States</Filter>
    </ClCompile>
    <ClCompile Include="Spinner.cpp">
      <Filter>Source Files\Core</Filter>
    </ClCompile>
    <ClCompile Include="SpinTracker.cpp">
      <Filter>Source Files\Core</Filter>
    </ClCompile>
    <ClCompile Include="StateManager.cpp">
      <Filter>Source Files\Core</Filter>
    </ClCompile>
    <ClCompile Include="RainbowState.cpp">
      <Filter>Source Files\States</Filter>
    </ClCompile>
    <ClCompile Include="ScreenDriver.cpp">
      <Filter>Source Files\Core</Filter>
    </ClCompile>
  </ItemGroup>
</Project>